
Microsoft Visual Studio Solution File, Format Version 12.00
# Visual Studio Version 17
VisualStudioVersion = 17.1.32328.378
MinimumVisualStudioVersion = 10.0.40219.1
Project("{9A19103F-16F7-4668-BE54-9A1E7A4F7556}") = "TrickyBookStore.Main", "TrickyBookStore.Main\TrickyBookStore.Main.csproj", "{75FA190E-6466-4A7D-AC3C-97EC56117B13}"
EndProject
Project("{9A19103F-16F7-4668-BE54-9A1E7A4F7556}") = "TrickyBookStore.Repositories", "TrickyBookStore.Repositories\TrickyBookStore.Repositories.csproj", "{5D50CA82-B18A-4E9A-9FB7-8DBB25D44C26}"
EndProject
Project("{FAE04EC0-301F-11D3-BF4B-00C04F79EFBC}") = "TrickyBookStore.Models", "TrickyBookStore.Models\TrickyBookStore.Models.csproj", "{A16F2B0E-3A82-4C08-9E29-022C7D89434C}"
EndProject
Project("{FAE04EC0-301F-11D3-BF4B-00C04F79EFBC}") = "TrickyBookStore.Services", "TrickyBookStore.Services\TrickyBookStore.Services.csproj", "{B96146E7-8856-4DBE-9320-CABA6999C730}"
EndProject
Project("{FAE04EC0-301F-11D3-BF4B-00C04F79EFBC}") = "TrickyBookStore.ConstructorInjector", "TrickyBookStore.ConstructorInjector\TrickyBookStore.ConstructorInjector.csproj", "{6F748113-CBC9-40A8-A699-B92A35ED695B}"
EndProject
Global
	GlobalSection(SolutionConfigurationPlatforms) = preSolution
		Debug|Any CPU = Debug|Any CPU
		Release|Any CPU = Release|Any CPU
	EndGlobalSection
	GlobalSection(ProjectConfigurationPlatforms) = postSolution
		{75FA190E-6466-4A7D-AC3C-97EC56117B13}.Debug|Any CPU.ActiveCfg = Debug|Any CPU
		{75FA190E-6466-4A7D-AC3C-97EC56117B13}.Debug|Any CPU.Build.0 = Debug|Any CPU
		{75FA190E-6466-4A7D-AC3C-97EC56117B13}.Release|Any CPU.ActiveCfg = Release|Any CPU
		{75FA190E-6466-4A7D-AC3C-97EC56117B13}.Release|Any CPU.Build.0 = Release|Any CPU
		{5D50CA82-B18A-4E9A-9FB7-8DBB25D44C26}.Debug|Any CPU.ActiveCfg = Debug|Any CPU
		{5D50CA82-B18A-4E9A-9FB7-8DBB25D44C26}.Debug|Any CPU.Build.0 = Debug|Any CPU
		{5D50CA82-B18A-4E9A-9FB7-8DBB25D44C26}.Release|Any CPU.ActiveCfg = Release|Any CPU
		{5D50CA82-B18A-4E9A-9FB7-8DBB25D44C26}.Release|Any CPU.Build.0 = Release|Any CPU
		{A16F2B0E-3A82-4C08-9E29-022C7D89434C}.Debug|Any CPU.ActiveCfg = Debug|Any CPU
		{A16F2B0E-3A82-4C08-9E29-022C7D89434C}.Debug|Any CPU.Build.0 = Debug|Any CPU
		{A16F2B0E-3A82-4C08-9E29-022C7D89434C}.Release|Any CPU.ActiveCfg = Release|Any CPU
		{A16F2B0E-3A82-4C08-9E29-022C7D89434C}.Release|Any CPU.Build.0 = Release|Any CPU
		{B96146E7-8856-4DBE-9320-CABA6999C730}.Debug|Any CPU.ActiveCfg = Debug|Any CPU
		{B96146E7-8856-4DBE-9320-CABA6999C730}.Debug|Any CPU.Build.0 = Debug|Any CPU
		{B96146E7-8856-4DBE-9320-CABA6999C730}.Release|Any CPU.ActiveCfg = Release|Any CPU
		{B96146E7-8856-4DBE-9320-CABA6999C730}.Release|Any CPU.Build.0 = Release|Any CPU
		{6F748113-CBC9-40A8-A699-B92A35ED695B}.Debug|Any CPU.ActiveCfg = Debug|Any CPU
		{6F748113-CBC9-40A8-A699-B92A35ED695B}.Debug|Any CPU.Build.0 = Debug|Any CPU
		{6F748113-CBC9-40A8-A699-B92A35ED695B}.Release|Any CPU.ActiveCfg = Release|Any CPU
		{6F748113-CBC9-40A8-A699-B92A35ED695B}.Release|Any CPU.Build.0 = Release|Any CPU
	EndGlobalSection
	GlobalSection(SolutionProperties) = preSolution
		HideSolutionNode = FALSE
	EndGlobalSection
	GlobalSection(ExtensibilityGlobals) = postSolution
		SolutionGuid = {BB13A08A-D6FE-4850-A792-ED7B7E5A8B9E}
	EndGlobalSection
EndGlobal
